
Microsoft Visual Studio Solution File, Format Version 12.00
# Visual Studio 15
VisualStudioVersion = 15.0.27705.2000
MinimumVisualStudioVersion = 10.0.40219.1
Project("{FAE04EC0-301F-11D3-BF4B-00C04F79EFBC}") = "Ordos.Server.Server", "Ordos.Server.Server\Ordos.Server.Server.csproj", "{C8FA9F67-31A8-4661-8E7D-3A9CB004398D}"
EndProject
Project("{FAE04EC0-301F-11D3-BF4B-00C04F79EFBC}") = "Ordos.Server.Client", "Ordos.Server.Client\Ordos.Server.Client.csproj", "{E6B712A3-D27F-4A9D-BC33-07D3251FF536}"
EndProject
Project("{FAE04EC0-301F-11D3-BF4B-00C04F79EFBC}") = "Ordos.Server.Shared", "Ordos.Server.Shared\Ordos.Server.Shared.csproj", "{47BF194F-1D61-4937-A34D-2D9B20046F6E}"
EndProject
Global
	GlobalSection(SolutionConfigurationPlatforms) = preSolution
		Debug|Any CPU = Debug|Any CPU
		Release|Any CPU = Release|Any CPU
	EndGlobalSection
	GlobalSection(ProjectConfigurationPlatforms) = postSolution
		{C8FA9F67-31A8-4661-8E7D-3A9CB004398D}.Debug|Any CPU.ActiveCfg = Debug|Any CPU
		{C8FA9F67-31A8-4661-8E7D-3A9CB004398D}.Debug|Any CPU.Build.0 = Debug|Any CPU
		{C8FA9F67-31A8-4661-8E7D-3A9CB004398D}.Release|Any CPU.ActiveCfg = Release|Any CPU
		{C8FA9F67-31A8-4661-8E7D-3A9CB004398D}.Release|Any CPU.Build.0 = Release|Any CPU
		{E6B712A3-D27F-4A9D-BC33-07D3251FF536}.Debug|Any CPU.ActiveCfg = Debug|Any CPU
		{E6B712A3-D27F-4A9D-BC33-07D3251FF536}.Debug|Any CPU.Build.0 = Debug|Any CPU
		{E6B712A3-D27F-4A9D-BC33-07D3251FF536}.Release|Any CPU.ActiveCfg = Release|Any CPU
		{E6B712A3-D27F-4A9D-BC33-07D3251FF536}.Release|Any CPU.Build.0 = Release|Any CPU
		{47BF194F-1D61-4937-A34D-2D9B20046F6E}.Debug|Any CPU.ActiveCfg = Debug|Any CPU
		{47BF194F-1D61-4937-A34D-2D9B20046F6E}.Debug|Any CPU.Build.0 = Debug|Any CPU
		{47BF194F-1D61-4937-A34D-2D9B20046F6E}.Release|Any CPU.ActiveCfg = Release|Any CPU
		{47BF194F-1D61-4937-A34D-2D9B20046F6E}.Release|Any CPU.Build.0 = Release|Any CPU
	EndGlobalSection
	GlobalSection(SolutionProperties) = preSolution
		HideSolutionNode = FALSE
	EndGlobalSection
	GlobalSection(ExtensibilityGlobals) = postSolution
		SolutionGuid = {A346F2DD-20B8-489E-BCE7-5ACD1439D116}
	EndGlobalSection
EndGlobal
