
Microsoft Visual Studio Solution File, Format Version 12.00
# Visual Studio 15
VisualStudioVersion = 15.0.27705.2000
MinimumVisualStudioVersion = 10.0.40219.1
Project("{9A19103F-16F7-4668-BE54-9A1E7A4F7556}") = "Ordos.Core", "Ordos.Core\Ordos.Core.csproj", "{47BF194F-1D61-4937-A34D-2D9B20046F6E}"
EndProject
Project("{9A19103F-16F7-4668-BE54-9A1E7A4F7556}") = "IEC61850.NetCore", "IEC61850.NetCore\IEC61850.NetCore.csproj", "{3B108823-0306-46F1-AC94-B25BB89D168E}"
EndProject
Project("{9A19103F-16F7-4668-BE54-9A1E7A4F7556}") = "Ordos.IEDService", "Ordos.IEDService\Ordos.IEDService.csproj", "{7704EBBE-354A-4191-BE92-17EB9253C717}"
EndProject
Project("{9A19103F-16F7-4668-BE54-9A1E7A4F7556}") = "Ordos.DataService", "Ordos.DataService\Ordos.DataService.csproj", "{2B8C199E-C98C-4C57-A774-2F0CCA8970AA}"
EndProject
Project("{9A19103F-16F7-4668-BE54-9A1E7A4F7556}") = "Ordos.Server", "Ordos.Server\Ordos.Server.csproj", "{6F9B9534-F1E1-4E4C-B60E-55721845EC6F}"
EndProject
Project("{FAE04EC0-301F-11D3-BF4B-00C04F79EFBC}") = "Ordos.Tests", "Ordos.Tests\Ordos.Tests.csproj", "{23C1477F-6DCF-4436-BA92-DB169CCC3475}"
EndProject
Global
	GlobalSection(SolutionConfigurationPlatforms) = preSolution
		Debug|Any CPU = Debug|Any CPU
		Release|Any CPU = Release|Any CPU
	EndGlobalSection
	GlobalSection(ProjectConfigurationPlatforms) = postSolution
		{47BF194F-1D61-4937-A34D-2D9B20046F6E}.Debug|Any CPU.ActiveCfg = Debug|Any CPU
		{47BF194F-1D61-4937-A34D-2D9B20046F6E}.Debug|Any CPU.Build.0 = Debug|Any CPU
		{47BF194F-1D61-4937-A34D-2D9B20046F6E}.Release|Any CPU.ActiveCfg = Release|Any CPU
		{47BF194F-1D61-4937-A34D-2D9B20046F6E}.Release|Any CPU.Build.0 = Release|Any CPU
		{3B108823-0306-46F1-AC94-B25BB89D168E}.Debug|Any CPU.ActiveCfg = Debug|Any CPU
		{3B108823-0306-46F1-AC94-B25BB89D168E}.Debug|Any CPU.Build.0 = Debug|Any CPU
		{3B108823-0306-46F1-AC94-B25BB89D168E}.Release|Any CPU.ActiveCfg = Release|Any CPU
		{3B108823-0306-46F1-AC94-B25BB89D168E}.Release|Any CPU.Build.0 = Release|Any CPU
		{7704EBBE-354A-4191-BE92-17EB9253C717}.Debug|Any CPU.ActiveCfg = Debug|Any CPU
		{7704EBBE-354A-4191-BE92-17EB9253C717}.Debug|Any CPU.Build.0 = Debug|Any CPU
		{7704EBBE-354A-4191-BE92-17EB9253C717}.Release|Any CPU.ActiveCfg = Release|Any CPU
		{7704EBBE-354A-4191-BE92-17EB9253C717}.Release|Any CPU.Build.0 = Release|Any CPU
		{2B8C199E-C98C-4C57-A774-2F0CCA8970AA}.Debug|Any CPU.ActiveCfg = Debug|Any CPU
		{2B8C199E-C98C-4C57-A774-2F0CCA8970AA}.Debug|Any CPU.Build.0 = Debug|Any CPU
		{2B8C199E-C98C-4C57-A774-2F0CCA8970AA}.Release|Any CPU.ActiveCfg = Release|Any CPU
		{2B8C199E-C98C-4C57-A774-2F0CCA8970AA}.Release|Any CPU.Build.0 = Release|Any CPU
		{6F9B9534-F1E1-4E4C-B60E-55721845EC6F}.Debug|Any CPU.ActiveCfg = Debug|Any CPU
		{6F9B9534-F1E1-4E4C-B60E-55721845EC6F}.Debug|Any CPU.Build.0 = Debug|Any CPU
		{6F9B9534-F1E1-4E4C-B60E-55721845EC6F}.Release|Any CPU.ActiveCfg = Release|Any CPU
		{6F9B9534-F1E1-4E4C-B60E-55721845EC6F}.Release|Any CPU.Build.0 = Release|Any CPU
		{23C1477F-6DCF-4436-BA92-DB169CCC3475}.Debug|Any CPU.ActiveCfg = Debug|Any CPU
		{23C1477F-6DCF-4436-BA92-DB169CCC3475}.Debug|Any CPU.Build.0 = Debug|Any CPU
		{23C1477F-6DCF-4436-BA92-DB169CCC3475}.Release|Any CPU.ActiveCfg = Release|Any CPU
		{23C1477F-6DCF-4436-BA92-DB169CCC3475}.Release|Any CPU.Build.0 = Release|Any CPU
	EndGlobalSection
	GlobalSection(SolutionProperties) = preSolution
		HideSolutionNode = FALSE
	EndGlobalSection
	GlobalSection(ExtensibilityGlobals) = postSolution
		SolutionGuid = {A346F2DD-20B8-489E-BCE7-5ACD1439D116}
	EndGlobalSection
EndGlobal
